
Microsoft Visual Studio Solution File, Format Version 12.00
# Visual Studio 15
VisualStudioVersion = 15.0.26124.0
MinimumVisualStudioVersion = 15.0.26124.0
Project("{2150E333-8FDC-42A3-9474-1A3956D46DE8}") = "src", "src", "{1F64003A-8B0D-41BF-A67C-FEA1B0D57E22}"
EndProject
Project("{FAE04EC0-301F-11D3-BF4B-00C04F79EFBC}") = "clientCreds", "src\clientCreds\clientCreds.csproj", "{AE5170A4-CB36-4C8B-ADA2-387B41FA682D}"
EndProject
Project("{FAE04EC0-301F-11D3-BF4B-00C04F79EFBC}") = "resourceOwn", "src\resourceOwn\resourceOwn.csproj", "{C2FC6AC0-D335-4952-A859-D499BEE231DC}"
EndProject
Global
	GlobalSection(SolutionConfigurationPlatforms) = preSolution
		Debug|Any CPU = Debug|Any CPU
		Debug|x64 = Debug|x64
		Debug|x86 = Debug|x86
		Release|Any CPU = Release|Any CPU
		Release|x64 = Release|x64
		Release|x86 = Release|x86
	EndGlobalSection
	GlobalSection(SolutionProperties) = preSolution
		HideSolutionNode = FALSE
	EndGlobalSection
	GlobalSection(ProjectConfigurationPlatforms) = postSolution
		{AE5170A4-CB36-4C8B-ADA2-387B41FA682D}.Debug|Any CPU.ActiveCfg = Debug|Any CPU
		{AE5170A4-CB36-4C8B-ADA2-387B41FA682D}.Debug|Any CPU.Build.0 = Debug|Any CPU
		{AE5170A4-CB36-4C8B-ADA2-387B41FA682D}.Debug|x64.ActiveCfg = Debug|Any CPU
		{AE5170A4-CB36-4C8B-ADA2-387B41FA682D}.Debug|x64.Build.0 = Debug|Any CPU
		{AE5170A4-CB36-4C8B-ADA2-387B41FA682D}.Debug|x86.ActiveCfg = Debug|Any CPU
		{AE5170A4-CB36-4C8B-ADA2-387B41FA682D}.Debug|x86.Build.0 = Debug|Any CPU
		{AE5170A4-CB36-4C8B-ADA2-387B41FA682D}.Release|Any CPU.ActiveCfg = Release|Any CPU
		{AE5170A4-CB36-4C8B-ADA2-387B41FA682D}.Release|Any CPU.Build.0 = Release|Any CPU
		{AE5170A4-CB36-4C8B-ADA2-387B41FA682D}.Release|x64.ActiveCfg = Release|Any CPU
		{AE5170A4-CB36-4C8B-ADA2-387B41FA682D}.Release|x64.Build.0 = Release|Any CPU
		{AE5170A4-CB36-4C8B-ADA2-387B41FA682D}.Release|x86.ActiveCfg = Release|Any CPU
		{AE5170A4-CB36-4C8B-ADA2-387B41FA682D}.Release|x86.Build.0 = Release|Any CPU
		{C2FC6AC0-D335-4952-A859-D499BEE231DC}.Debug|Any CPU.ActiveCfg = Debug|Any CPU
		{C2FC6AC0-D335-4952-A859-D499BEE231DC}.Debug|Any CPU.Build.0 = Debug|Any CPU
		{C2FC6AC0-D335-4952-A859-D499BEE231DC}.Debug|x64.ActiveCfg = Debug|Any CPU
		{C2FC6AC0-D335-4952-A859-D499BEE231DC}.Debug|x64.Build.0 = Debug|Any CPU
		{C2FC6AC0-D335-4952-A859-D499BEE231DC}.Debug|x86.ActiveCfg = Debug|Any CPU
		{C2FC6AC0-D335-4952-A859-D499BEE231DC}.Debug|x86.Build.0 = Debug|Any CPU
		{C2FC6AC0-D335-4952-A859-D499BEE231DC}.Release|Any CPU.ActiveCfg = Release|Any CPU
		{C2FC6AC0-D335-4952-A859-D499BEE231DC}.Release|Any CPU.Build.0 = Release|Any CPU
		{C2FC6AC0-D335-4952-A859-D499BEE231DC}.Release|x64.ActiveCfg = Release|Any CPU
		{C2FC6AC0-D335-4952-A859-D499BEE231DC}.Release|x64.Build.0 = Release|Any CPU
		{C2FC6AC0-D335-4952-A859-D499BEE231DC}.Release|x86.ActiveCfg = Release|Any CPU
		{C2FC6AC0-D335-4952-A859-D499BEE231DC}.Release|x86.Build.0 = Release|Any CPU
	EndGlobalSection
	GlobalSection(NestedProjects) = preSolution
		{AE5170A4-CB36-4C8B-ADA2-387B41FA682D} = {1F64003A-8B0D-41BF-A67C-FEA1B0D57E22}
		{C2FC6AC0-D335-4952-A859-D499BEE231DC} = {1F64003A-8B0D-41BF-A67C-FEA1B0D57E22}
	EndGlobalSection
EndGlobal
